{
  "name": "tokenless",
  "version": "0.1.0",
  "lockfileVersion": 3,
  "requires": true,
  "packages": {
    "": {
      "name": "tokenless",
      "version": "0.1.0",
      "workspaces": [
        "packages/*"
      ],
      "devDependencies": {
        "@playwright/test": "^1.53.0"
      },
      "engines": {
        "node": ">=22"
      }
    },
    "node_modules/@playwright/test": {
      "version": "1.61.1",
      "resolved": "https://registry.npmjs.org/@playwright/test/-/test-1.61.1.tgz",
      "integrity": "sha512-8nKv6+0RJSL9FE4jYOEGXnPeM/Hg12qZpmqzZjRh3qM0Y7c3z1mrOTfFLids72RDQYVh9WpLEfR5WdpNX4fkig==",
      "dev": true,
      "license": "Apache-2.0",
      "dependencies": {
        "playwright": "1.61.1"
      },
      "bin": {
        "playwright": "cli.js"
      },
      "engines": {
        "node": ">=18"
      }
    },
    "node_modules/@tokenless/browser-session-bridge": {
      "resolved": "packages/browser-session-bridge",
      "link": true
    },
    "node_modules/@tokenless/client": {
      "resolved": "packages/client",
      "link": true
    },
    "node_modules/@tokenless/local-scale": {
      "resolved": "packages/local-scale",
      "link": true
    },
    "node_modules/@tokenless/runner-server": {
      "resolved": "packages/runner-server",
      "link": true
    },
    "node_modules/fsevents": {
      "version": "2.3.2",
      "resolved": "https://registry.npmjs.org/fsevents/-/fsevents-2.3.2.tgz",
      "integrity": "sha512-xiqMQR4xAeHTuB9uWm+fFRcIOgKBMiOBP+eXiyT7jsgVCq1bkVygt00oASowB7EdtpOHaaPgKt812P9ab+DDKA==",
      "dev": true,
      "hasInstallScript": true,
      "license": "MIT",
      "optional": true,
      "os": [
        "darwin"
      ],
      "engines": {
        "node": "^8.16.0 || ^10.6.0 || >=11.0.0"
      }
    },
    "node_modules/playwright": {
      "version": "1.61.1",
      "resolved": "https://registry.npmjs.org/playwright/-/playwright-1.61.1.tgz",
      "integrity": "sha512-DWnY5o3YbLWK4GovuAVwpqL+1VwGNdUGrRr++8j8PtQQzvAVZUIMjKQ90fY689sEJZJBbZVw1rXaOKSTitkzPQ==",
      "dev": true,
      "license": "Apache-2.0",
      "dependencies": {
        "playwright-core": "1.61.1"
      },
      "bin": {
        "playwright": "cli.js"
      },
      "engines": {
        "node": ">=18"
      },
      "optionalDependencies": {
        "fsevents": "2.3.2"
      }
    },
    "node_modules/playwright-core": {
      "version": "1.61.1",
      "resolved": "https://registry.npmjs.org/playwright-core/-/playwright-core-1.61.1.tgz",
      "integrity": "sha512-h7Qlt6m4REp25qvIdvbDtVmD4LqVXfpRxhORv9L0jzETM05p4fuPJ3dKyuSXQxDSbXnmS79HAgi9589lGSpLkg==",
      "dev": true,
      "license": "Apache-2.0",
      "bin": {
        "playwright-core": "cli.js"
      },
      "engines": {
        "node": ">=18"
      }
    },
    "packages/browser-session-bridge": {
      "name": "@tokenless/browser-session-bridge",
      "version": "0.1.0",
      "license": "UNLICENSED",
      "engines": {
        "node": ">=22"
      }
    },
    "packages/client": {
      "name": "@tokenless/client",
      "version": "0.1.0",
      "license": "UNLICENSED",
      "engines": {
        "node": ">=22"
      }
    },
    "packages/local-scale": {
      "name": "@tokenless/local-scale",
      "version": "0.1.0",
      "license": "UNLICENSED",
      "bin": {
        "scale": "src/tokenless-scale.mjs",
        "tokenless-scale": "src/tokenless-scale.mjs"
      },
      "engines": {
        "node": ">=22"
      }
    },
    "packages/runner-server": {
      "name": "@tokenless/runner-server",
      "version": "0.1.0",
      "license": "UNLICENSED",
      "bin": {
        "tokenless-runner-server": "src/server.mjs"
      },
      "engines": {
        "node": ">=22"
      }
    }
  }
}
